
Microsoft Visual Studio Solution File, Format Version 12.00
# Visual Studio Version 17
VisualStudioVersion = 17.3.32929.385
MinimumVisualStudioVersion = 10.0.40219.1
Project("{FAE04EC0-301F-11D3-BF4B-00C04F79EFBC}") = "CoffeeShop", "CoffeeShop.csproj", "{093971EA-F3A3-461C-B16F-3DE29B66C99A}"
EndProject
Global
	GlobalSection(SolutionConfigurationPlatforms) = preSolution
		Debug|Any CPU = Debug|Any CPU
		Release|Any CPU = Release|Any CPU
	EndGlobalSection
	GlobalSection(ProjectConfigurationPlatforms) = postSolution
		{093971EA-F3A3-461C-B16F-3DE29B66C99A}.Debug|Any CPU.ActiveCfg = Debug|Any CPU
		{093971EA-F3A3-461C-B16F-3DE29B66C99A}.Debug|Any CPU.Build.0 = Debug|Any CPU
		{093971EA-F3A3-461C-B16F-3DE29B66C99A}.Release|Any CPU.ActiveCfg = Release|Any CPU
		{093971EA-F3A3-461C-B16F-3DE29B66C99A}.Release|Any CPU.Build.0 = Release|Any CPU
	EndGlobalSection
	GlobalSection(SolutionProperties) = preSolution
		HideSolutionNode = FALSE
	EndGlobalSection
	GlobalSection(ExtensibilityGlobals) = postSolution
		SolutionGuid = {CBF619F0-95FC-4DF4-8DAC-061B29308EE1}
	EndGlobalSection
EndGlobal
